
Microsoft Visual Studio Solution File, Format Version 12.00
# Visual Studio Version 16
VisualStudioVersion = 16.0.31205.134
MinimumVisualStudioVersion = 10.0.40219.1
Project("{FAE04EC0-301F-11D3-BF4B-00C04F79EFBC}") = "Crawco_Automation", "Crawco_Automation\Crawco_Automation.csproj", "{D6D82B49-C897-442F-B683-90CDA30B15C8}"
EndProject
Global
	GlobalSection(SolutionConfigurationPlatforms) = preSolution
		Debug|Any CPU = Debug|Any CPU
		Release|Any CPU = Release|Any CPU
	EndGlobalSection
	GlobalSection(ProjectConfigurationPlatforms) = postSolution
		{D6D82B49-C897-442F-B683-90CDA30B15C8}.Debug|Any CPU.ActiveCfg = Debug|Any CPU
		{D6D82B49-C897-442F-B683-90CDA30B15C8}.Debug|Any CPU.Build.0 = Debug|Any CPU
		{D6D82B49-C897-442F-B683-90CDA30B15C8}.Release|Any CPU.ActiveCfg = Release|Any CPU
		{D6D82B49-C897-442F-B683-90CDA30B15C8}.Release|Any CPU.Build.0 = Release|Any CPU
	EndGlobalSection
	GlobalSection(SolutionProperties) = preSolution
		HideSolutionNode = FALSE
	EndGlobalSection
	GlobalSection(ExtensibilityGlobals) = postSolution
		SolutionGuid = {BDA2819D-8B34-4A53-BA5A-D9B802FD0D65}
	EndGlobalSection
EndGlobal
